// !$*UTF8*$!
{
	archiveVersion = 1;
	classes = {
	};
	objectVersion = 56;
	objects = {

/* Begin PBXBuildFile section */
		7CB2DCA729DC231300AA2987 /* DetailView.swift in Sources */ = {isa = PBXBuildFile; fileRef = 7CB2DCA629DC231300AA2987 /* DetailView.swift */; };
		902C99EA29E58C7D006E18A2 /* SecurityHandler in Frameworks */ = {isa = PBXBuildFile; productRef = 902C99E929E58C7D006E18A2 /* SecurityHandler */; };
		902C99EC29E58C7D006E18A2 /* UIComponents in Frameworks */ = {isa = PBXBuildFile; productRef = 902C99EB29E58C7D006E18A2 /* UIComponents */; };
		90490BF129DD8CF800BB1D33 /* GalleryViewModel.swift in Sources */ = {isa = PBXBuildFile; fileRef = 90490BF029DD8CF800BB1D33 /* GalleryViewModel.swift */; };
		9053C50A29DAE5650091C891 /* CameraGalleryApp.swift in Sources */ = {isa = PBXBuildFile; fileRef = 9053C50929DAE5650091C891 /* CameraGalleryApp.swift */; };
		9053C50E29DAE5660091C891 /* Assets.xcassets in Resources */ = {isa = PBXBuildFile; fileRef = 9053C50D29DAE5660091C891 /* Assets.xcassets */; };
		9053C51229DAE5660091C891 /* Preview Assets.xcassets in Resources */ = {isa = PBXBuildFile; fileRef = 9053C51129DAE5660091C891 /* Preview Assets.xcassets */; };
		9053C51C29DAFC540091C891 /* GalleryView.swift in Sources */ = {isa = PBXBuildFile; fileRef = 9053C51B29DAFC540091C891 /* GalleryView.swift */; };
/* End PBXBuildFile section */

/* Begin PBXFileReference section */
		7CB2DCA629DC231300AA2987 /* DetailView.swift */ = {isa = PBXFileReference; lastKnownFileType = sourcecode.swift; path = DetailView.swift; sourceTree = "<group>"; };
		902C99E829E58C54006E18A2 /* SharedHelper iOS */ = {isa = PBXFileReference; lastKnownFileType = wrapper; name = "SharedHelper iOS"; path = ..; sourceTree = "<group>"; };
		90490BF029DD8CF800BB1D33 /* GalleryViewModel.swift */ = {isa = PBXFileReference; lastKnownFileType = sourcecode.swift; path = GalleryViewModel.swift; sourceTree = "<group>"; };
		90490BF629E5756600BB1D33 /* Info.plist */ = {isa = PBXFileReference; lastKnownFileType = text.plist; path = Info.plist; sourceTree = "<group>"; };
		9053C50629DAE5650091C891 /* CameraGalleryApp.app */ = {isa = PBXFileReference; explicitFileType = wrapper.application; includeInIndex = 0; path = CameraGalleryApp.app; sourceTree = BUILT_PRODUCTS_DIR; };
		9053C50929DAE5650091C891 /* CameraGalleryApp.swift */ = {isa = PBXFileReference; lastKnownFileType = sourcecode.swift; path = CameraGalleryApp.swift; sourceTree = "<group>"; };
		9053C50D29DAE5660091C891 /* Assets.xcassets */ = {isa = PBXFileReference; lastKnownFileType = folder.assetcatalog; path = Assets.xcassets; sourceTree = "<group>"; };
		9053C50F29DAE5660091C891 /* CameraGalleryApp.entitlements */ = {isa = PBXFileReference; lastKnownFileType = text.plist.entitlements; path = CameraGalleryApp.entitlements; sourceTree = "<group>"; };
		9053C51129DAE5660091C891 /* Preview Assets.xcassets */ = {isa = PBXFileReference; lastKnownFileType = folder.assetcatalog; path = "Preview Assets.xcassets"; sourceTree = "<group>"; };
		9053C51B29DAFC540091C891 /* GalleryView.swift */ = {isa = PBXFileReference; lastKnownFileType = sourcecode.swift; path = GalleryView.swift; sourceTree = "<group>"; };
/* End PBXFileReference section */

/* Begin PBXFrameworksBuildPhase section */
		9053C50329DAE5650091C891 /* Frameworks */ = {
			isa = PBXFrameworksBuildPhase;
			buildActionMask = 2147483647;
			files = (
				902C99EC29E58C7D006E18A2 /* UIComponents in Frameworks */,
				902C99EA29E58C7D006E18A2 /* SecurityHandler in Frameworks */,
			);
			runOnlyForDeploymentPostprocessing = 0;
		};
/* End PBXFrameworksBuildPhase section */

/* Begin PBXGroup section */
		7C0D0ECF29DC549C0007E2DE /* Frameworks */ = {
			isa = PBXGroup;
			children = (
			);
			name = Frameworks;
			sourceTree = "<group>";
		};
		7CB2DCAC29DC2BEB00AA2987 /* Views */ = {
			isa = PBXGroup;
			children = (
				9053C51B29DAFC540091C891 /* GalleryView.swift */,
				90490BF029DD8CF800BB1D33 /* GalleryViewModel.swift */,
				7CB2DCA629DC231300AA2987 /* DetailView.swift */,
			);
			path = Views;
			sourceTree = "<group>";
		};
		9053C4FD29DAE5650091C891 = {
			isa = PBXGroup;
			children = (
				902C99E829E58C54006E18A2 /* SharedHelper iOS */,
				9053C50829DAE5650091C891 /* CameraGalleryApp */,
				9053C50729DAE5650091C891 /* Products */,
				7C0D0ECF29DC549C0007E2DE /* Frameworks */,
			);
			sourceTree = "<group>";
		};
		9053C50729DAE5650091C891 /* Products */ = {
			isa = PBXGroup;
			children = (
				9053C50629DAE5650091C891 /* CameraGalleryApp.app */,
			);
			name = Products;
			sourceTree = "<group>";
		};
		9053C50829DAE5650091C891 /* CameraGalleryApp */ = {
			isa = PBXGroup;
			children = (
				90490BF629E5756600BB1D33 /* Info.plist */,
				9053C50929DAE5650091C891 /* CameraGalleryApp.swift */,
				7CB2DCAC29DC2BEB00AA2987 /* Views */,
				9053C50D29DAE5660091C891 /* Assets.xcassets */,
				9053C50F29DAE5660091C891 /* CameraGalleryApp.entitlements */,
				9053C51029DAE5660091C891 /* Preview Content */,
			);
			path = CameraGalleryApp;
			sourceTree = "<group>";
		};
		9053C51029DAE5660091C891 /* Preview Content */ = {
			isa = PBXGroup;
			children = (
				9053C51129DAE5660091C891 /* Preview Assets.xcassets */,
			);
			path = "Preview Content";
			sourceTree = "<group>";
		};
/* End PBXGroup section */

/* Begin PBXNativeTarget section */
		9053C50529DAE5650091C891 /* CameraGalleryApp */ = {
			isa = PBXNativeTarget;
			buildConfigurationList = 9053C51529DAE5660091C891 /* Build configuration list for PBXNativeTarget "CameraGalleryApp" */;
			buildPhases = (
				9053C50229DAE5650091C891 /* Sources */,
				9053C50329DAE5650091C891 /* Frameworks */,
				9053C50429DAE5650091C891 /* Resources */,
			);
			buildRules = (
			);
			dependencies = (
			);
			name = CameraGalleryApp;
			packageProductDependencies = (
				902C99E929E58C7D006E18A2 /* SecurityHandler */,
				902C99EB29E58C7D006E18A2 /* UIComponents */,
			);
			productName = CameraGalleryApp;
			productReference = 9053C50629DAE5650091C891 /* CameraGalleryApp.app */;
			productType = "com.apple.product-type.application";
		};
/* End PBXNativeTarget section */

/* Begin PBXProject section */
		9053C4FE29DAE5650091C891 /* Project object */ = {
			isa = PBXProject;
			attributes = {
				BuildIndependentTargetsInParallel = 1;
				LastSwiftUpdateCheck = 1420;
				LastUpgradeCheck = 1420;
				TargetAttributes = {
					9053C50529DAE5650091C891 = {
						CreatedOnToolsVersion = 14.2;
					};
				};
			};
			buildConfigurationList = 9053C50129DAE5650091C891 /* Build configuration list for PBXProject "CameraGalleryApp" */;
			compatibilityVersion = "Xcode 14.0";
			developmentRegion = en;
			hasScannedForEncodings = 0;
			knownRegions = (
				en,
				Base,
			);
			mainGroup = 9053C4FD29DAE5650091C891;
			packageReferences = (
			);
			productRefGroup = 9053C50729DAE5650091C891 /* Products */;
			projectDirPath = "";
			projectRoot = "";
			targets = (
				9053C50529DAE5650091C891 /* CameraGalleryApp */,
			);
		};
/* End PBXProject section */

/* Begin PBXResourcesBuildPhase section */
		9053C50429DAE5650091C891 /* Resources */ = {
			isa = PBXResourcesBuildPhase;
			buildActionMask = 2147483647;
			files = (
				9053C51229DAE5660091C891 /* Preview Assets.xcassets in Resources */,
				9053C50E29DAE5660091C891 /* Assets.xcassets in Resources */,
			);
			runOnlyForDeploymentPostprocessing = 0;
		};
/* End PBXResourcesBuildPhase section */

/* Begin PBXSourcesBuildPhase section */
		9053C50229DAE5650091C891 /* Sources */ = {
			isa = PBXSourcesBuildPhase;
			buildActionMask = 2147483647;
			files = (
				9053C50A29DAE5650091C891 /* CameraGalleryApp.swift in Sources */,
				7CB2DCA729DC231300AA2987 /* DetailView.swift in Sources */,
				90490BF129DD8CF800BB1D33 /* GalleryViewModel.swift in Sources */,
				9053C51C29DAFC540091C891 /* GalleryView.swift in Sources */,
			);
			runOnlyForDeploymentPostprocessing = 0;
		};
/* End PBXSourcesBuildPhase section */

/* Begin XCBuildConfiguration section */
		9053C51329DAE5660091C891 /* Debug */ = {
			isa = XCBuildConfiguration;
			buildSettings = {
				ALWAYS_SEARCH_USER_PATHS = NO;
				CLANG_ANALYZER_NONNULL = YES;
				CLANG_ANALYZER_NUMBER_OBJECT_CONVERSION = YES_AGGRESSIVE;
				CLANG_CXX_LANGUAGE_STANDARD = "gnu++20";
				CLANG_ENABLE_MODULES = YES;
				CLANG_ENABLE_OBJC_ARC = YES;
				CLANG_ENABLE_OBJC_WEAK = YES;
				CLANG_WARN_BLOCK_CAPTURE_AUTORELEASING = YES;
				CLANG_WARN_BOOL_CONVERSION = YES;
				CLANG_WARN_COMMA = YES;
				CLANG_WARN_CONSTANT_CONVERSION = YES;
				CLANG_WARN_DEPRECATED_OBJC_IMPLEMENTATIONS = YES;
				CLANG_WARN_DIRECT_OBJC_ISA_USAGE = YES_ERROR;
				CLANG_WARN_DOCUMENTATION_COMMENTS = YES;
				CLANG_WARN_EMPTY_BODY = YES;
				CLANG_WARN_ENUM_CONVERSION = YES;
				CLANG_WARN_INFINITE_RECURSION = YES;
				CLANG_WARN_INT_CONVERSION = YES;
				CLANG_WARN_NON_LITERAL_NULL_CONVERSION = YES;
				CLANG_WARN_OBJC_IMPLICIT_RETAIN_SELF = YES;
				CLANG_WARN_OBJC_LITERAL_CONVERSION = YES;
				CLANG_WARN_OBJC_ROOT_CLASS = YES_ERROR;
				CLANG_WARN_QUOTED_INCLUDE_IN_FRAMEWORK_HEADER = YES;
				CLANG_WARN_RANGE_LOOP_ANALYSIS = YES;
				CLANG_WARN_STRICT_PROTOTYPES = YES;
				CLANG_WARN_SUSPICIOUS_MOVE = YES;
				CLANG_WARN_UNGUARDED_AVAILABILITY = YES_AGGRESSIVE;
				CLANG_WARN_UNREACHABLE_CODE = YES;
				CLANG_WARN__DUPLICATE_METHOD_MATCH = YES;
				COPY_PHASE_STRIP = NO;
				DEBUG_INFORMATION_FORMAT = dwarf;
				ENABLE_STRICT_OBJC_MSGSEND = YES;
				ENABLE_TESTABILITY = YES;
				GCC_C_LANGUAGE_STANDARD = gnu11;
				GCC_DYNAMIC_NO_PIC = NO;
				GCC_NO_COMMON_BLOCKS = YES;
				GCC_OPTIMIZATION_LEVEL = 0;
				GCC_PREPROCESSOR_DEFINITIONS = (
					"DEBUG=1",
					"$(inherited)",
				);
				GCC_WARN_64_TO_32_BIT_CONVERSION = YES;
				GCC_WARN_ABOUT_RETURN_TYPE = YES_ERROR;
				GCC_WARN_UNDECLARED_SELECTOR = YES;
				GCC_WARN_UNINITIALIZED_AUTOS = YES_AGGRESSIVE;
				GCC_WARN_UNUSED_FUNCTION = YES;
				GCC_WARN_UNUSED_VARIABLE = YES;
				MTL_ENABLE_DEBUG_INFO = INCLUDE_SOURCE;
				MTL_FAST_MATH = YES;
				ONLY_ACTIVE_ARCH = YES;
				SWIFT_ACTIVE_COMPILATION_CONDITIONS = DEBUG;
				SWIFT_OPTIMIZATION_LEVEL = "-Onone";
			};
			name = Debug;
		};
		9053C51429DAE5660091C891 /* Release */ = {
			isa = XCBuildConfiguration;
			buildSettings = {
				ALWAYS_SEARCH_USER_PATHS = NO;
				CLANG_ANALYZER_NONNULL = YES;
				CLANG_ANALYZER_NUMBER_OBJECT_CONVERSION = YES_AGGRESSIVE;
				CLANG_CXX_LANGUAGE_STANDARD = "gnu++20";
				CLANG_ENABLE_MODULES = YES;
				CLANG_ENABLE_OBJC_ARC = YES;
				CLANG_ENABLE_OBJC_WEAK = YES;
				CLANG_WARN_BLOCK_CAPTURE_AUTORELEASING = YES;
				CLANG_WARN_BOOL_CONVERSION = YES;
				CLANG_WARN_COMMA = YES;
				CLANG_WARN_CONSTANT_CONVERSION = YES;
				CLANG_WARN_DEPRECATED_OBJC_IMPLEMENTATIONS = YES;
				CLANG_WARN_DIRECT_OBJC_ISA_USAGE = YES_ERROR;
				CLANG_WARN_DOCUMENTATION_COMMENTS = YES;
				CLANG_WARN_EMPTY_BODY = YES;
				CLANG_WARN_ENUM_CONVERSION = YES;
				CLANG_WARN_INFINITE_RECURSION = YES;
				CLANG_WARN_INT_CONVERSION = YES;
				CLANG_WARN_NON_LITERAL_NULL_CONVERSION = YES;
				CLANG_WARN_OBJC_IMPLICIT_RETAIN_SELF = YES;
				CLANG_WARN_OBJC_LITERAL_CONVERSION = YES;
				CLANG_WARN_OBJC_ROOT_CLASS = YES_ERROR;
				CLANG_WARN_QUOTED_INCLUDE_IN_FRAMEWORK_HEADER = YES;
				CLANG_WARN_RANGE_LOOP_ANALYSIS = YES;
				CLANG_WARN_STRICT_PROTOTYPES = YES;
				CLANG_WARN_SUSPICIOUS_MOVE = YES;
				CLANG_WARN_UNGUARDED_AVAILABILITY = YES_AGGRESSIVE;
				CLANG_WARN_UNREACHABLE_CODE = YES;
				CLANG_WARN__DUPLICATE_METHOD_MATCH = YES;
				COPY_PHASE_STRIP = NO;
				DEBUG_INFORMATION_FORMAT = "dwarf-with-dsym";
				ENABLE_NS_ASSERTIONS = NO;
				ENABLE_STRICT_OBJC_MSGSEND = YES;
				GCC_C_LANGUAGE_STANDARD = gnu11;
				GCC_NO_COMMON_BLOCKS = YES;
				GCC_WARN_64_TO_32_BIT_CONVERSION = YES;
				GCC_WARN_ABOUT_RETURN_TYPE = YES_ERROR;
				GCC_WARN_UNDECLARED_SELECTOR = YES;
				GCC_WARN_UNINITIALIZED_AUTOS = YES_AGGRESSIVE;
				GCC_WARN_UNUSED_FUNCTION = YES;
				GCC_WARN_UNUSED_VARIABLE = YES;
				MTL_ENABLE_DEBUG_INFO = NO;
				MTL_FAST_MATH = YES;
				SWIFT_COMPILATION_MODE = wholemodule;
				SWIFT_OPTIMIZATION_LEVEL = "-O";
			};
			name = Release;
		};
		9053C51629DAE5660091C891 /* Debug */ = {
			isa = XCBuildConfiguration;
			buildSettings = {
				ASSETCATALOG_COMPILER_APPICON_NAME = AppIcon;
				ASSETCATALOG_COMPILER_GLOBAL_ACCENT_COLOR_NAME = AccentColor;
				CODE_SIGN_ENTITLEMENTS = CameraGalleryApp/CameraGalleryApp.entitlements;
				CODE_SIGN_STYLE = Automatic;
				CURRENT_PROJECT_VERSION = 1;
				DEVELOPMENT_ASSET_PATHS = "\"CameraGalleryApp/Preview Content\"";
				DEVELOPMENT_TEAM = 5PW9XUSS43;
				ENABLE_PREVIEWS = YES;
				GENERATE_INFOPLIST_FILE = YES;
				INFOPLIST_FILE = CameraGalleryApp/Info.plist;
				INFOPLIST_KEY_NSCameraUsageDescription = "We need that";
				"INFOPLIST_KEY_UIApplicationSceneManifest_Generation[sdk=iphoneos*]" = YES;
				"INFOPLIST_KEY_UIApplicationSceneManifest_Generation[sdk=iphonesimulator*]" = YES;
				"INFOPLIST_KEY_UIApplicationSupportsIndirectInputEvents[sdk=iphoneos*]" = YES;
				"INFOPLIST_KEY_UIApplicationSupportsIndirectInputEvents[sdk=iphonesimulator*]" = YES;
				"INFOPLIST_KEY_UILaunchScreen_Generation[sdk=iphoneos*]" = YES;
				"INFOPLIST_KEY_UILaunchScreen_Generation[sdk=iphonesimulator*]" = YES;
				"INFOPLIST_KEY_UIStatusBarStyle[sdk=iphoneos*]" = UIStatusBarStyleDefault;
				"INFOPLIST_KEY_UIStatusBarStyle[sdk=iphonesimulator*]" = UIStatusBarStyleDefault;
				INFOPLIST_KEY_UISupportedInterfaceOrientations_iPad = "UIInterfaceOrientationPortrait UIInterfaceOrientationPortraitUpsideDown UIInterfaceOrientationLandscapeLeft UIInterfaceOrientationLandscapeRight";
				INFOPLIST_KEY_UISupportedInterfaceOrientations_iPhone = "UIInterfaceOrientationPortrait UIInterfaceOrientationLandscapeLeft UIInterfaceOrientationLandscapeRight";
				IPHONEOS_DEPLOYMENT_TARGET = 16.0;
				LD_RUNPATH_SEARCH_PATHS = "@executable_path/Frameworks";
				"LD_RUNPATH_SEARCH_PATHS[sdk=macosx*]" = "@executable_path/../Frameworks";
				MACOSX_DEPLOYMENT_TARGET = 13.1;
				MARKETING_VERSION = 1.0;
				PRODUCT_BUNDLE_IDENTIFIER = dk.ufst.CameraGalleryApp;
				PRODUCT_NAME = "$(TARGET_NAME)";
				SDKROOT = auto;
				SUPPORTED_PLATFORMS = "iphoneos iphonesimulator macosx";
				SWIFT_EMIT_LOC_STRINGS = YES;
				SWIFT_VERSION = 5.0;
				TARGETED_DEVICE_FAMILY = "1,2";
			};
			name = Debug;
		};
		9053C51729DAE5660091C891 /* Release */ = {
			isa = XCBuildConfiguration;
			buildSettings = {
				ASSETCATALOG_COMPILER_APPICON_NAME = AppIcon;
				ASSETCATALOG_COMPILER_GLOBAL_ACCENT_COLOR_NAME = AccentColor;
				CODE_SIGN_ENTITLEMENTS = CameraGalleryApp/CameraGalleryApp.entitlements;
				CODE_SIGN_STYLE = Automatic;
				CURRENT_PROJECT_VERSION = 1;
				DEVELOPMENT_ASSET_PATHS = "\"CameraGalleryApp/Preview Content\"";
				DEVELOPMENT_TEAM = 5PW9XUSS43;
				ENABLE_PREVIEWS = YES;
				GENERATE_INFOPLIST_FILE = YES;
				INFOPLIST_FILE = CameraGalleryApp/Info.plist;
				INFOPLIST_KEY_NSCameraUsageDescription = "We need that";
				"INFOPLIST_KEY_UIApplicationSceneManifest_Generation[sdk=iphoneos*]" = YES;
				"INFOPLIST_KEY_UIApplicationSceneManifest_Generation[sdk=iphonesimulator*]" = YES;
				"INFOPLIST_KEY_UIApplicationSupportsIndirectInputEvents[sdk=iphoneos*]" = YES;
				"INFOPLIST_KEY_UIApplicationSupportsIndirectInputEvents[sdk=iphonesimulator*]" = YES;
				"INFOPLIST_KEY_UILaunchScreen_Generation[sdk=iphoneos*]" = YES;
				"INFOPLIST_KEY_UILaunchScreen_Generation[sdk=iphonesimulator*]" = YES;
				"INFOPLIST_KEY_UIStatusBarStyle[sdk=iphoneos*]" = UIStatusBarStyleDefault;
				"INFOPLIST_KEY_UIStatusBarStyle[sdk=iphonesimulator*]" = UIStatusBarStyleDefault;
				INFOPLIST_KEY_UISupportedInterfaceOrientations_iPad = "UIInterfaceOrientationPortrait UIInterfaceOrientationPortraitUpsideDown UIInterfaceOrientationLandscapeLeft UIInterfaceOrientationLandscapeRight";
				INFOPLIST_KEY_UISupportedInterfaceOrientations_iPhone = "UIInterfaceOrientationPortrait UIInterfaceOrientationLandscapeLeft UIInterfaceOrientationLandscapeRight";
				IPHONEOS_DEPLOYMENT_TARGET = 16.0;
				LD_RUNPATH_SEARCH_PATHS = "@executable_path/Frameworks";
				"LD_RUNPATH_SEARCH_PATHS[sdk=macosx*]" = "@executable_path/../Frameworks";
				MACOSX_DEPLOYMENT_TARGET = 13.1;
				MARKETING_VERSION = 1.0;
				PRODUCT_BUNDLE_IDENTIFIER = dk.ufst.CameraGalleryApp;
				PRODUCT_NAME = "$(TARGET_NAME)";
				SDKROOT = auto;
				SUPPORTED_PLATFORMS = "iphoneos iphonesimulator macosx";
				SWIFT_EMIT_LOC_STRINGS = YES;
				SWIFT_VERSION = 5.0;
				TARGETED_DEVICE_FAMILY = "1,2";
			};
			name = Release;
		};
/* End XCBuildConfiguration section */

/* Begin XCConfigurationList section */
		9053C50129DAE5650091C891 /* Build configuration list for PBXProject "CameraGalleryApp" */ = {
			isa = XCConfigurationList;
			buildConfigurations = (
				9053C51329DAE5660091C891 /* Debug */,
				9053C51429DAE5660091C891 /* Release */,
			);
			defaultConfigurationIsVisible = 0;
			defaultConfigurationName = Release;
		};
		9053C51529DAE5660091C891 /* Build configuration list for PBXNativeTarget "CameraGalleryApp" */ = {
			isa = XCConfigurationList;
			buildConfigurations = (
				9053C51629DAE5660091C891 /* Debug */,
				9053C51729DAE5660091C891 /* Release */,
			);
			defaultConfigurationIsVisible = 0;
			defaultConfigurationName = Release;
		};
/* End XCConfigurationList section */

/* Begin XCSwiftPackageProductDependency section */
		902C99E929E58C7D006E18A2 /* SecurityHandler */ = {
			isa = XCSwiftPackageProductDependency;
			productName = SecurityHandler;
		};
		902C99EB29E58C7D006E18A2 /* UIComponents */ = {
			isa = XCSwiftPackageProductDependency;
			productName = UIComponents;
		};
/* End XCSwiftPackageProductDependency section */
	};
	rootObject = 9053C4FE29DAE5650091C891 /* Project object */;
}
